
Microsoft Visual Studio Solution File, Format Version 12.00
# Visual Studio 14
VisualStudioVersion = 14.0.25123.0
MinimumVisualStudioVersion = 10.0.40219.1
Project("{FAE04EC0-301F-11D3-BF4B-00C04F79EFBC}") = "AngularJSAuthentication.API", "AngularJSAuthentication.API\AngularJSAuthentication.API.csproj", "{C7BF4A92-6CFB-4B81-BDC8-754356F9B022}"
EndProject
Project("{FAE04EC0-301F-11D3-BF4B-00C04F79EFBC}") = "AngularJSAuthentication.Web", "AngularJSAuthentication.Web\AngularJSAuthentication.Web.csproj", "{04FD609F-FA55-4A95-A296-81974229C440}"
EndProject
Global
	GlobalSection(SolutionConfigurationPlatforms) = preSolution
		Debug|Any CPU = Debug|Any CPU
		Release|Any CPU = Release|Any CPU
	EndGlobalSection
	GlobalSection(ProjectConfigurationPlatforms) = postSolution
		{C7BF4A92-6CFB-4B81-BDC8-754356F9B022}.Debug|Any CPU.ActiveCfg = Debug|Any CPU
		{C7BF4A92-6CFB-4B81-BDC8-754356F9B022}.Debug|Any CPU.Build.0 = Debug|Any CPU
		{C7BF4A92-6CFB-4B81-BDC8-754356F9B022}.Release|Any CPU.ActiveCfg = Release|Any CPU
		{C7BF4A92-6CFB-4B81-BDC8-754356F9B022}.Release|Any CPU.Build.0 = Release|Any CPU
		{04FD609F-FA55-4A95-A296-81974229C440}.Debug|Any CPU.ActiveCfg = Debug|Any CPU
		{04FD609F-FA55-4A95-A296-81974229C440}.Debug|Any CPU.Build.0 = Debug|Any CPU
		{04FD609F-FA55-4A95-A296-81974229C440}.Release|Any CPU.ActiveCfg = Release|Any CPU
		{04FD609F-FA55-4A95-A296-81974229C440}.Release|Any CPU.Build.0 = Release|Any CPU
	EndGlobalSection
	GlobalSection(SolutionProperties) = preSolution
		HideSolutionNode = FALSE
	EndGlobalSection
EndGlobal
